// !$*UTF8*$!
{
	archiveVersion = 1;
	classes = {
	};
	objectVersion = 50;
	objects = {

/* Begin PBXBuildFile section */
		1CD990E625868259009171C9 /* CatchAPIApp.swift in Sources */ = {isa = PBXBuildFile; fileRef = 1CD990E525868259009171C9 /* CatchAPIApp.swift */; };
		1CD990E825868259009171C9 /* ContentView.swift in Sources */ = {isa = PBXBuildFile; fileRef = 1CD990E725868259009171C9 /* ContentView.swift */; };
		1CD990EA2586825C009171C9 /* Assets.xcassets in Resources */ = {isa = PBXBuildFile; fileRef = 1CD990E92586825C009171C9 /* Assets.xcassets */; };
		1CD990ED2586825C009171C9 /* Preview Assets.xcassets in Resources */ = {isa = PBXBuildFile; fileRef = 1CD990EC2586825C009171C9 /* Preview Assets.xcassets */; };
		1CD990F82586825D009171C9 /* CatchAPITests.swift in Sources */ = {isa = PBXBuildFile; fileRef = 1CD990F72586825D009171C9 /* CatchAPITests.swift */; };
		1CD991032586825D009171C9 /* CatchAPIUITests.swift in Sources */ = {isa = PBXBuildFile; fileRef = 1CD991022586825D009171C9 /* CatchAPIUITests.swift */; };
/* End PBXBuildFile section */

/* Begin PBXContainerItemProxy section */
		1CD990F42586825D009171C9 /* PBXContainerItemProxy */ = {
			isa = PBXContainerItemProxy;
			containerPortal = 1CD990DA25868259009171C9 /* Project object */;
			proxyType = 1;
			remoteGlobalIDString = 1CD990E125868259009171C9;
			remoteInfo = CatchAPI;
		};
		1CD990FF2586825D009171C9 /* PBXContainerItemProxy */ = {
			isa = PBXContainerItemProxy;
			containerPortal = 1CD990DA25868259009171C9 /* Project object */;
			proxyType = 1;
			remoteGlobalIDString = 1CD990E125868259009171C9;
			remoteInfo = CatchAPI;
		};
/* End PBXContainerItemProxy section */

/* Begin PBXFileReference section */
		1CD990E225868259009171C9 /* CatchAPI.app */ = {isa = PBXFileReference; explicitFileType = wrapper.application; includeInIndex = 0; path = CatchAPI.app; sourceTree = BUILT_PRODUCTS_DIR; };
		1CD990E525868259009171C9 /* CatchAPIApp.swift */ = {isa = PBXFileReference; lastKnownFileType = sourcecode.swift; path = CatchAPIApp.swift; sourceTree = "<group>"; };
		1CD990E725868259009171C9 /* ContentView.swift */ = {isa = PBXFileReference; lastKnownFileType = sourcecode.swift; path = ContentView.swift; sourceTree = "<group>"; };
		1CD990E92586825C009171C9 /* Assets.xcassets */ = {isa = PBXFileReference; lastKnownFileType = folder.assetcatalog; path = Assets.xcassets; sourceTree = "<group>"; };
		1CD990EC2586825C009171C9 /* Preview Assets.xcassets */ = {isa = PBXFileReference; lastKnownFileType = folder.assetcatalog; path = "Preview Assets.xcassets"; sourceTree = "<group>"; };
		1CD990EE2586825C009171C9 /* Info.plist */ = {isa = PBXFileReference; lastKnownFileType = text.plist.xml; path = Info.plist; sourceTree = "<group>"; };
		1CD990F32586825D009171C9 /* CatchAPITests.xctest */ = {isa = PBXFileReference; explicitFileType = wrapper.cfbundle; includeInIndex = 0; path = CatchAPITests.xctest; sourceTree = BUILT_PRODUCTS_DIR; };
		1CD990F72586825D009171C9 /* CatchAPITests.swift */ = {isa = PBXFileReference; lastKnownFileType = sourcecode.swift; path = CatchAPITests.swift; sourceTree = "<group>"; };
		1CD990F92586825D009171C9 /* Info.plist */ = {isa = PBXFileReference; lastKnownFileType = text.plist.xml; path = Info.plist; sourceTree = "<group>"; };
		1CD990FE2586825D009171C9 /* CatchAPIUITests.xctest */ = {isa = PBXFileReference; explicitFileType = wrapper.cfbundle; includeInIndex = 0; path = CatchAPIUITests.xctest; sourceTree = BUILT_PRODUCTS_DIR; };
		1CD991022586825D009171C9 /* CatchAPIUITests.swift */ = {isa = PBXFileReference; lastKnownFileType = sourcecode.swift; path = CatchAPIUITests.swift; sourceTree = "<group>"; };
		1CD991042586825D009171C9 /* Info.plist */ = {isa = PBXFileReference; lastKnownFileType = text.plist.xml; path = Info.plist; sourceTree = "<group>"; };
/* End PBXFileReference section */

/* Begin PBXFrameworksBuildPhase section */
		1CD990DF25868259009171C9 /* Frameworks */ = {
			isa = PBXFrameworksBuildPhase;
			buildActionMask = 2147483647;
			files = (
			);
			runOnlyForDeploymentPostprocessing = 0;
		};
		1CD990F02586825D009171C9 /* Frameworks */ = {
			isa = PBXFrameworksBuildPhase;
			buildActionMask = 2147483647;
			files = (
			);
			runOnlyForDeploymentPostprocessing = 0;
		};
		1CD990FB2586825D009171C9 /* Frameworks */ = {
			isa = PBXFrameworksBuildPhase;
			buildActionMask = 2147483647;
			files = (
			);
			runOnlyForDeploymentPostprocessing = 0;
		};
/* End PBXFrameworksBuildPhase section */

/* Begin PBXGroup section */
		1CD990D925868259009171C9 = {
			isa = PBXGroup;
			children = (
				1CD990E425868259009171C9 /* CatchAPI */,
				1CD990F62586825D009171C9 /* CatchAPITests */,
				1CD991012586825D009171C9 /* CatchAPIUITests */,
				1CD990E325868259009171C9 /* Products */,
			);
			sourceTree = "<group>";
		};
		1CD990E325868259009171C9 /* Products */ = {
			isa = PBXGroup;
			children = (
				1CD990E225868259009171C9 /* CatchAPI.app */,
				1CD990F32586825D009171C9 /* CatchAPITests.xctest */,
				1CD990FE2586825D009171C9 /* CatchAPIUITests.xctest */,
			);
			name = Products;
			sourceTree = "<group>";
		};
		1CD990E425868259009171C9 /* CatchAPI */ = {
			isa = PBXGroup;
			children = (
				1CD990E525868259009171C9 /* CatchAPIApp.swift */,
				1CD990E725868259009171C9 /* ContentView.swift */,
				1CD990E92586825C009171C9 /* Assets.xcassets */,
				1CD990EE2586825C009171C9 /* Info.plist */,
				1CD990EB2586825C009171C9 /* Preview Content */,
			);
			path = CatchAPI;
			sourceTree = "<group>";
		};
		1CD990EB2586825C009171C9 /* Preview Content */ = {
			isa = PBXGroup;
			children = (
				1CD990EC2586825C009171C9 /* Preview Assets.xcassets */,
			);
			path = "Preview Content";
			sourceTree = "<group>";
		};
		1CD990F62586825D009171C9 /* CatchAPITests */ = {
			isa = PBXGroup;
			children = (
				1CD990F72586825D009171C9 /* CatchAPITests.swift */,
				1CD990F92586825D009171C9 /* Info.plist */,
			);
			path = CatchAPITests;
			sourceTree = "<group>";
		};
		1CD991012586825D009171C9 /* CatchAPIUITests */ = {
			isa = PBXGroup;
			children = (
				1CD991022586825D009171C9 /* CatchAPIUITests.swift */,
				1CD991042586825D009171C9 /* Info.plist */,
			);
			path = CatchAPIUITests;
			sourceTree = "<group>";
		};
/* End PBXGroup section */

/* Begin PBXNativeTarget section */
		1CD990E125868259009171C9 /* CatchAPI */ = {
			isa = PBXNativeTarget;
			buildConfigurationList = 1CD991072586825D009171C9 /* Build configuration list for PBXNativeTarget "CatchAPI" */;
			buildPhases = (
				1CD990DE25868259009171C9 /* Sources */,
				1CD990DF25868259009171C9 /* Frameworks */,
				1CD990E025868259009171C9 /* Resources */,
			);
			buildRules = (
			);
			dependencies = (
			);
			name = CatchAPI;
			productName = CatchAPI;
			productReference = 1CD990E225868259009171C9 /* CatchAPI.app */;
			productType = "com.apple.product-type.application";
		};
		1CD990F22586825D009171C9 /* CatchAPITests */ = {
			isa = PBXNativeTarget;
			buildConfigurationList = 1CD9910A2586825D009171C9 /* Build configuration list for PBXNativeTarget "CatchAPITests" */;
			buildPhases = (
				1CD990EF2586825D009171C9 /* Sources */,
				1CD990F02586825D009171C9 /* Frameworks */,
				1CD990F12586825D009171C9 /* Resources */,
			);
			buildRules = (
			);
			dependencies = (
				1CD990F52586825D009171C9 /* PBXTargetDependency */,
			);
			name = CatchAPITests;
			productName = CatchAPITests;
			productReference = 1CD990F32586825D009171C9 /* CatchAPITests.xctest */;
			productType = "com.apple.product-type.bundle.unit-test";
		};
		1CD990FD2586825D009171C9 /* CatchAPIUITests */ = {
			isa = PBXNativeTarget;
			buildConfigurationList = 1CD9910D2586825D009171C9 /* Build configuration list for PBXNativeTarget "CatchAPIUITests" */;
			buildPhases = (
				1CD990FA2586825D009171C9 /* Sources */,
				1CD990FB2586825D009171C9 /* Frameworks */,
				1CD990FC2586825D009171C9 /* Resources */,
			);
			buildRules = (
			);
			dependencies = (
				1CD991002586825D009171C9 /* PBXTargetDependency */,
			);
			name = CatchAPIUITests;
			productName = CatchAPIUITests;
			productReference = 1CD990FE2586825D009171C9 /* CatchAPIUITests.xctest */;
			productType = "com.apple.product-type.bundle.ui-testing";
		};
/* End PBXNativeTarget section */

/* Begin PBXProject section */
		1CD990DA25868259009171C9 /* Project object */ = {
			isa = PBXProject;
			attributes = {
				LastSwiftUpdateCheck = 1230;
				LastUpgradeCheck = 1230;
				TargetAttributes = {
					1CD990E125868259009171C9 = {
						CreatedOnToolsVersion = 12.3;
					};
					1CD990F22586825D009171C9 = {
						CreatedOnToolsVersion = 12.3;
						TestTargetID = 1CD990E125868259009171C9;
					};
					1CD990FD2586825D009171C9 = {
						CreatedOnToolsVersion = 12.3;
						TestTargetID = 1CD990E125868259009171C9;
					};
				};
			};
			buildConfigurationList = 1CD990DD25868259009171C9 /* Build configuration list for PBXProject "CatchAPI" */;
			compatibilityVersion = "Xcode 9.3";
			developmentRegion = en;
			hasScannedForEncodings = 0;
			knownRegions = (
				en,
				Base,
			);
			mainGroup = 1CD990D925868259009171C9;
			productRefGroup = 1CD990E325868259009171C9 /* Products */;
			projectDirPath = "";
			projectRoot = "";
			targets = (
				1CD990E125868259009171C9 /* CatchAPI */,
				1CD990F22586825D009171C9 /* CatchAPITests */,
				1CD990FD2586825D009171C9 /* CatchAPIUITests */,
			);
		};
/* End PBXProject section */

/* Begin PBXResourcesBuildPhase section */
		1CD990E025868259009171C9 /* Resources */ = {
			isa = PBXResourcesBuildPhase;
			buildActionMask = 2147483647;
			files = (
				1CD990ED2586825C009171C9 /* Preview Assets.xcassets in Resources */,
				1CD990EA2586825C009171C9 /* Assets.xcassets in Resources */,
			);
			runOnlyForDeploymentPostprocessing = 0;
		};
		1CD990F12586825D009171C9 /* Resources */ = {
			isa = PBXResourcesBuildPhase;
			buildActionMask = 2147483647;
			files = (
			);
			runOnlyForDeploymentPostprocessing = 0;
		};
		1CD990FC2586825D009171C9 /* Resources */ = {
			isa = PBXResourcesBuildPhase;
			buildActionMask = 2147483647;
			files = (
			);
			runOnlyForDeploymentPostprocessing = 0;
		};
/* End PBXResourcesBuildPhase section */

/* Begin PBXSourcesBuildPhase section */
		1CD990DE25868259009171C9 /* Sources */ = {
			isa = PBXSourcesBuildPhase;
			buildActionMask = 2147483647;
			files = (
				1CD990E825868259009171C9 /* ContentView.swift in Sources */,
				1CD990E625868259009171C9 /* CatchAPIApp.swift in Sources */,
			);
			runOnlyForDeploymentPostprocessing = 0;
		};
		1CD990EF2586825D009171C9 /* Sources */ = {
			isa = PBXSourcesBuildPhase;
			buildActionMask = 2147483647;
			files = (
				1CD990F82586825D009171C9 /* CatchAPITests.swift in Sources */,
			);
			runOnlyForDeploymentPostprocessing = 0;
		};
		1CD990FA2586825D009171C9 /* Sources */ = {
			isa = PBXSourcesBuildPhase;
			buildActionMask = 2147483647;
			files = (
				1CD991032586825D009171C9 /* CatchAPIUITests.swift in Sources */,
			);
			runOnlyForDeploymentPostprocessing = 0;
		};
/* End PBXSourcesBuildPhase section */

/* Begin PBXTargetDependency section */
		1CD990F52586825D009171C9 /* PBXTargetDependency */ = {
			isa = PBXTargetDependency;
			target = 1CD990E125868259009171C9 /* CatchAPI */;
			targetProxy = 1CD990F42586825D009171C9 /* PBXContainerItemProxy */;
		};
		1CD991002586825D009171C9 /* PBXTargetDependency */ = {
			isa = PBXTargetDependency;
			target = 1CD990E125868259009171C9 /* CatchAPI */;
			targetProxy = 1CD990FF2586825D009171C9 /* PBXContainerItemProxy */;
		};
/* End PBXTargetDependency section */

/* Begin XCBuildConfiguration section */
		1CD991052586825D009171C9 /* Debug */ = {
			isa = XCBuildConfiguration;
			buildSettings = {
				ALWAYS_SEARCH_USER_PATHS = NO;
				CLANG_ANALYZER_NONNULL = YES;
				CLANG_ANALYZER_NUMBER_OBJECT_CONVERSION = YES_AGGRESSIVE;
				CLANG_CXX_LANGUAGE_STANDARD = "gnu++14";
				CLANG_CXX_LIBRARY = "libc++";
				CLANG_ENABLE_MODULES = YES;
				CLANG_ENABLE_OBJC_ARC = YES;
				CLANG_ENABLE_OBJC_WEAK = YES;
				CLANG_WARN_BLOCK_CAPTURE_AUTORELEASING = YES;
				CLANG_WARN_BOOL_CONVERSION = YES;
				CLANG_WARN_COMMA = YES;
				CLANG_WARN_CONSTANT_CONVERSION = YES;
				CLANG_WARN_DEPRECATED_OBJC_IMPLEMENTATIONS = YES;
				CLANG_WARN_DIRECT_OBJC_ISA_USAGE = YES_ERROR;
				CLANG_WARN_DOCUMENTATION_COMMENTS = YES;
				CLANG_WARN_EMPTY_BODY = YES;
				CLANG_WARN_ENUM_CONVERSION = YES;
				CLANG_WARN_INFINITE_RECURSION = YES;
				CLANG_WARN_INT_CONVERSION = YES;
				CLANG_WARN_NON_LITERAL_NULL_CONVERSION = YES;
				CLANG_WARN_OBJC_IMPLICIT_RETAIN_SELF = YES;
				CLANG_WARN_OBJC_LITERAL_CONVERSION = YES;
				CLANG_WARN_OBJC_ROOT_CLASS = YES_ERROR;
				CLANG_WARN_QUOTED_INCLUDE_IN_FRAMEWORK_HEADER = YES;
				CLANG_WARN_RANGE_LOOP_ANALYSIS = YES;
				CLANG_WARN_STRICT_PROTOTYPES = YES;
				CLANG_WARN_SUSPICIOUS_MOVE = YES;
				CLANG_WARN_UNGUARDED_AVAILABILITY = YES_AGGRESSIVE;
				CLANG_WARN_UNREACHABLE_CODE = YES;
				CLANG_WARN__DUPLICATE_METHOD_MATCH = YES;
				COPY_PHASE_STRIP = NO;
				DEBUG_INFORMATION_FORMAT = dwarf;
				ENABLE_STRICT_OBJC_MSGSEND = YES;
				ENABLE_TESTABILITY = YES;
				GCC_C_LANGUAGE_STANDARD = gnu11;
				GCC_DYNAMIC_NO_PIC = NO;
				GCC_NO_COMMON_BLOCKS = YES;
				GCC_OPTIMIZATION_LEVEL = 0;
				GCC_PREPROCESSOR_DEFINITIONS = (
					"DEBUG=1",
					"$(inherited)",
				);
				GCC_WARN_64_TO_32_BIT_CONVERSION = YES;
				GCC_WARN_ABOUT_RETURN_TYPE = YES_ERROR;
				GCC_WARN_UNDECLARED_SELECTOR = YES;
				GCC_WARN_UNINITIALIZED_AUTOS = YES_AGGRESSIVE;
				GCC_WARN_UNUSED_FUNCTION = YES;
				GCC_WARN_UNUSED_VARIABLE = YES;
				IPHONEOS_DEPLOYMENT_TARGET = 14.3;
				MTL_ENABLE_DEBUG_INFO = INCLUDE_SOURCE;
				MTL_FAST_MATH = YES;
				ONLY_ACTIVE_ARCH = YES;
				SDKROOT = iphoneos;
				SWIFT_ACTIVE_COMPILATION_CONDITIONS = DEBUG;
				SWIFT_OPTIMIZATION_LEVEL = "-Onone";
			};
			name = Debug;
		};
		1CD991062586825D009171C9 /* Release */ = {
			isa = XCBuildConfiguration;
			buildSettings = {
				ALWAYS_SEARCH_USER_PATHS = NO;
				CLANG_ANALYZER_NONNULL = YES;
				CLANG_ANALYZER_NUMBER_OBJECT_CONVERSION = YES_AGGRESSIVE;
				CLANG_CXX_LANGUAGE_STANDARD = "gnu++14";
				CLANG_CXX_LIBRARY = "libc++";
				CLANG_ENABLE_MODULES = YES;
				CLANG_ENABLE_OBJC_ARC = YES;
				CLANG_ENABLE_OBJC_WEAK = YES;
				CLANG_WARN_BLOCK_CAPTURE_AUTORELEASING = YES;
				CLANG_WARN_BOOL_CONVERSION = YES;
				CLANG_WARN_COMMA = YES;
				CLANG_WARN_CONSTANT_CONVERSION = YES;
				CLANG_WARN_DEPRECATED_OBJC_IMPLEMENTATIONS = YES;
				CLANG_WARN_DIRECT_OBJC_ISA_USAGE = YES_ERROR;
				CLANG_WARN_DOCUMENTATION_COMMENTS = YES;
				CLANG_WARN_EMPTY_BODY = YES;
				CLANG_WARN_ENUM_CONVERSION = YES;
				CLANG_WARN_INFINITE_RECURSION = YES;
				CLANG_WARN_INT_CONVERSION = YES;
				CLANG_WARN_NON_LITERAL_NULL_CONVERSION = YES;
				CLANG_WARN_OBJC_IMPLICIT_RETAIN_SELF = YES;
				CLANG_WARN_OBJC_LITERAL_CONVERSION = YES;
				CLANG_WARN_OBJC_ROOT_CLASS = YES_ERROR;
				CLANG_WARN_QUOTED_INCLUDE_IN_FRAMEWORK_HEADER = YES;
				CLANG_WARN_RANGE_LOOP_ANALYSIS = YES;
				CLANG_WARN_STRICT_PROTOTYPES = YES;
				CLANG_WARN_SUSPICIOUS_MOVE = YES;
				CLANG_WARN_UNGUARDED_AVAILABILITY = YES_AGGRESSIVE;
				CLANG_WARN_UNREACHABLE_CODE = YES;
				CLANG_WARN__DUPLICATE_METHOD_MATCH = YES;
				COPY_PHASE_STRIP = NO;
				DEBUG_INFORMATION_FORMAT = "dwarf-with-dsym";
				ENABLE_NS_ASSERTIONS = NO;
				ENABLE_STRICT_OBJC_MSGSEND = YES;
				GCC_C_LANGUAGE_STANDARD = gnu11;
				GCC_NO_COMMON_BLOCKS = YES;
				GCC_WARN_64_TO_32_BIT_CONVERSION = YES;
				GCC_WARN_ABOUT_RETURN_TYPE = YES_ERROR;
				GCC_WARN_UNDECLARED_SELECTOR = YES;
				GCC_WARN_UNINITIALIZED_AUTOS = YES_AGGRESSIVE;
				GCC_WARN_UNUSED_FUNCTION = YES;
				GCC_WARN_UNUSED_VARIABLE = YES;
				IPHONEOS_DEPLOYMENT_TARGET = 14.3;
				MTL_ENABLE_DEBUG_INFO = NO;
				MTL_FAST_MATH = YES;
				SDKROOT = iphoneos;
				SWIFT_COMPILATION_MODE = wholemodule;
				SWIFT_OPTIMIZATION_LEVEL = "-O";
				VALIDATE_PRODUCT = YES;
			};
			name = Release;
		};
		1CD991082586825D009171C9 /* Debug */ = {
			isa = XCBuildConfiguration;
			buildSettings = {
				ASSETCATALOG_COMPILER_APPICON_NAME = AppIcon;
				ASSETCATALOG_COMPILER_GLOBAL_ACCENT_COLOR_NAME = AccentColor;
				CODE_SIGN_STYLE = Automatic;
				DEVELOPMENT_ASSET_PATHS = "\"CatchAPI/Preview Content\"";
				DEVELOPMENT_TEAM = FJL9UV3P9V;
				ENABLE_PREVIEWS = YES;
				INFOPLIST_FILE = CatchAPI/Info.plist;
				IPHONEOS_DEPLOYMENT_TARGET = 14.0;
				LD_RUNPATH_SEARCH_PATHS = (
					"$(inherited)",
					"@executable_path/Frameworks",
				);
				PRODUCT_BUNDLE_IDENTIFIER = com.andrejkling.CatchAPI;
				PRODUCT_NAME = "$(TARGET_NAME)";
				SWIFT_VERSION = 5.0;
				TARGETED_DEVICE_FAMILY = "1,2";
			};
			name = Debug;
		};
		1CD991092586825D009171C9 /* Release */ = {
			isa = XCBuildConfiguration;
			buildSettings = {
				ASSETCATALOG_COMPILER_APPICON_NAME = AppIcon;
				ASSETCATALOG_COMPILER_GLOBAL_ACCENT_COLOR_NAME = AccentColor;
				CODE_SIGN_STYLE = Automatic;
				DEVELOPMENT_ASSET_PATHS = "\"CatchAPI/Preview Content\"";
				DEVELOPMENT_TEAM = FJL9UV3P9V;
				ENABLE_PREVIEWS = YES;
				INFOPLIST_FILE = CatchAPI/Info.plist;
				IPHONEOS_DEPLOYMENT_TARGET = 14.0;
				LD_RUNPATH_SEARCH_PATHS = (
					"$(inherited)",
					"@executable_path/Frameworks",
				);
				PRODUCT_BUNDLE_IDENTIFIER = com.andrejkling.CatchAPI;
				PRODUCT_NAME = "$(TARGET_NAME)";
				SWIFT_VERSION = 5.0;
				TARGETED_DEVICE_FAMILY = "1,2";
			};
			name = Release;
		};
		1CD9910B2586825D009171C9 /* Debug */ = {
			isa = XCBuildConfiguration;
			buildSettings = {
				ALWAYS_EMBED_SWIFT_STANDARD_LIBRARIES = YES;
				BUNDLE_LOADER = "$(TEST_HOST)";
				CODE_SIGN_STYLE = Automatic;
				DEVELOPMENT_TEAM = FJL9UV3P9V;
				INFOPLIST_FILE = CatchAPITests/Info.plist;
				IPHONEOS_DEPLOYMENT_TARGET = 14.0;
				LD_RUNPATH_SEARCH_PATHS = (
					"$(inherited)",
					"@executable_path/Frameworks",
					"@loader_path/Frameworks",
				);
				PRODUCT_BUNDLE_IDENTIFIER = com.andrejkling.CatchAPITests;
				PRODUCT_NAME = "$(TARGET_NAME)";
				SWIFT_VERSION = 5.0;
				TARGETED_DEVICE_FAMILY = "1,2";
				TEST_HOST = "$(BUILT_PRODUCTS_DIR)/CatchAPI.app/CatchAPI";
			};
			name = Debug;
		};
		1CD9910C2586825D009171C9 /* Release */ = {
			isa = XCBuildConfiguration;
			buildSettings = {
				ALWAYS_EMBED_SWIFT_STANDARD_LIBRARIES = YES;
				BUNDLE_LOADER = "$(TEST_HOST)";
				CODE_SIGN_STYLE = Automatic;
				DEVELOPMENT_TEAM = FJL9UV3P9V;
				INFOPLIST_FILE = CatchAPITests/Info.plist;
				IPHONEOS_DEPLOYMENT_TARGET = 14.0;
				LD_RUNPATH_SEARCH_PATHS = (
					"$(inherited)",
					"@executable_path/Frameworks",
					"@loader_path/Frameworks",
				);
				PRODUCT_BUNDLE_IDENTIFIER = com.andrejkling.CatchAPITests;
				PRODUCT_NAME = "$(TARGET_NAME)";
				SWIFT_VERSION = 5.0;
				TARGETED_DEVICE_FAMILY = "1,2";
				TEST_HOST = "$(BUILT_PRODUCTS_DIR)/CatchAPI.app/CatchAPI";
			};
			name = Release;
		};
		1CD9910E2586825D009171C9 /* Debug */ = {
			isa = XCBuildConfiguration;
			buildSettings = {
				ALWAYS_EMBED_SWIFT_STANDARD_LIBRARIES = YES;
				CODE_SIGN_STYLE = Automatic;
				DEVELOPMENT_TEAM = FJL9UV3P9V;
				INFOPLIST_FILE = CatchAPIUITests/Info.plist;
				LD_RUNPATH_SEARCH_PATHS = (
					"$(inherited)",
					"@executable_path/Frameworks",
					"@loader_path/Frameworks",
				);
				PRODUCT_BUNDLE_IDENTIFIER = com.andrejkling.CatchAPIUITests;
				PRODUCT_NAME = "$(TARGET_NAME)";
				SWIFT_VERSION = 5.0;
				TARGETED_DEVICE_FAMILY = "1,2";
				TEST_TARGET_NAME = CatchAPI;
			};
			name = Debug;
		};
		1CD9910F2586825D009171C9 /* Release */ = {
			isa = XCBuildConfiguration;
			buildSettings = {
				ALWAYS_EMBED_SWIFT_STANDARD_LIBRARIES = YES;
				CODE_SIGN_STYLE = Automatic;
				DEVELOPMENT_TEAM = FJL9UV3P9V;
				INFOPLIST_FILE = CatchAPIUITests/Info.plist;
				LD_RUNPATH_SEARCH_PATHS = (
					"$(inherited)",
					"@executable_path/Frameworks",
					"@loader_path/Frameworks",
				);
				PRODUCT_BUNDLE_IDENTIFIER = com.andrejkling.CatchAPIUITests;
				PRODUCT_NAME = "$(TARGET_NAME)";
				SWIFT_VERSION = 5.0;
				TARGETED_DEVICE_FAMILY = "1,2";
				TEST_TARGET_NAME = CatchAPI;
			};
			name = Release;
		};
/* End XCBuildConfiguration section */

/* Begin XCConfigurationList section */
		1CD990DD25868259009171C9 /* Build configuration list for PBXProject "CatchAPI" */ = {
			isa = XCConfigurationList;
			buildConfigurations = (
				1CD991052586825D009171C9 /* Debug */,
				1CD991062586825D009171C9 /* Release */,
			);
			defaultConfigurationIsVisible = 0;
			defaultConfigurationName = Release;
		};
		1CD991072586825D009171C9 /* Build configuration list for PBXNativeTarget "CatchAPI" */ = {
			isa = XCConfigurationList;
			buildConfigurations = (
				1CD991082586825D009171C9 /* Debug */,
				1CD991092586825D009171C9 /* Release */,
			);
			defaultConfigurationIsVisible = 0;
			defaultConfigurationName = Release;
		};
		1CD9910A2586825D009171C9 /* Build configuration list for PBXNativeTarget "CatchAPITests" */ = {
			isa = XCConfigurationList;
			buildConfigurations = (
				1CD9910B2586825D009171C9 /* Debug */,
				1CD9910C2586825D009171C9 /* Release */,
			);
			defaultConfigurationIsVisible = 0;
			defaultConfigurationName = Release;
		};
		1CD9910D2586825D009171C9 /* Build configuration list for PBXNativeTarget "CatchAPIUITests" */ = {
			isa = XCConfigurationList;
			buildConfigurations = (
				1CD9910E2586825D009171C9 /* Debug */,
				1CD9910F2586825D009171C9 /* Release */,
			);
			defaultConfigurationIsVisible = 0;
			defaultConfigurationName = Release;
		};
/* End XCConfigurationList section */
	};
	rootObject = 1CD990DA25868259009171C9 /* Project object */;
}
